
Microsoft Visual Studio Solution File, Format Version 12.00
Project("{FAE04EC0-301F-11D3-BF4B-00C04F79EFBC}") = "Discriminated Unions CI", "Discriminated Unions CI\Discriminated Unions CI.csproj", "{1F97AD44-A8CA-4900-BFED-D3D4D8C3F42C}"
EndProject
Global
	GlobalSection(SolutionConfigurationPlatforms) = preSolution
		Debug|Any CPU = Debug|Any CPU
		Release|Any CPU = Release|Any CPU
	EndGlobalSection
	GlobalSection(ProjectConfigurationPlatforms) = postSolution
		{1F97AD44-A8CA-4900-BFED-D3D4D8C3F42C}.Debug|Any CPU.ActiveCfg = Debug|Any CPU
		{1F97AD44-A8CA-4900-BFED-D3D4D8C3F42C}.Debug|Any CPU.Build.0 = Debug|Any CPU
		{1F97AD44-A8CA-4900-BFED-D3D4D8C3F42C}.Release|Any CPU.ActiveCfg = Release|Any CPU
		{1F97AD44-A8CA-4900-BFED-D3D4D8C3F42C}.Release|Any CPU.Build.0 = Release|Any CPU
	EndGlobalSection
EndGlobal
